{
  "name": "decent-chat",
  "version": "1.0.0",
  "lockfileVersion": 3,
  "requires": true,
  "packages": {
    "": {
      "name": "decent-chat",
      "version": "1.0.0",
      "dependencies": {
        "gun": "^0.9.99"
      }
    },
    "node_modules/async-limiter": {
      "version": "1.0.1",
      "resolved": "https://registry.npmjs.org/async-limiter/-/async-limiter-1.0.1.tgz",
      "integrity": "sha512-csOlWGAcRFJaI6m+F2WKdnMKr4HhdhFVBk0H/QbJFMCr+uO2kwohwXQPxw/9OCxp05r5ghVBFSyioixx3gfkNQ==",
      "license": "MIT"
    },
    "node_modules/gun": {
      "version": "0.9.9999991",
      "resolved": "https://registry.npmjs.org/gun/-/gun-0.9.9999991.tgz",
      "integrity": "sha512-tH29XmVl5PPJp2wKEaIKrT5OQhqrPAzAzfYRuKjBIubDqQQPs7SIa7EplOY/K1j7L9Rex5zPAyEBZFj+lz0y+Q==",
      "license": "(Zlib OR MIT OR Apache-2.0)",
      "dependencies": {
        "ws": "~>5.2.0"
      },
      "engines": {
        "node": ">=0.8.4"
      },
      "optionalDependencies": {
        "node-webcrypto-ossl": "^1.0.39",
        "text-encoding": "^0.7.0"
      }
    },
    "node_modules/minimist": {
      "version": "1.2.8",
      "resolved": "https://registry.npmjs.org/minimist/-/minimist-1.2.8.tgz",
      "integrity": "sha512-2yyAR8qBkN3YuheJanUpWC5U3bb5osDywNB8RzDVlDwDHbocAJveqqj1u8+SVD7jkWT4yvsHCpWqqWqAxb0zCA==",
      "license": "MIT",
      "optional": true,
      "funding": {
        "url": "https://github.com/sponsors/ljharb"
      }
    },
    "node_modules/mkdirp": {
      "version": "0.5.6",
      "resolved": "https://registry.npmjs.org/mkdirp/-/mkdirp-0.5.6.tgz",
      "integrity": "sha512-FP+p8RB8OWpF3YZBCrP5gtADmtXApB5AMLn+vdyA+PyxCjrCs00mjyUozssO33cwDeT3wNGdLxJ5M//YqtHAJw==",
      "license": "MIT",
      "optional": true,
      "dependencies": {
        "minimist": "^1.2.6"
      },
      "bin": {
        "mkdirp": "bin/cmd.js"
      }
    },
    "node_modules/nan": {
      "version": "2.27.0",
      "resolved": "https://registry.npmjs.org/nan/-/nan-2.27.0.tgz",
      "integrity": "sha512-hC+0LidcL3XE4rp1C4H54KujgXKzbfyTngZTwBByQxsOxCEKZT0MPQ4hOKUH2jU1OYstqdDH4onyHPDzcV0XdQ==",
      "license": "MIT",
      "optional": true
    },
    "node_modules/node-webcrypto-ossl": {
      "version": "1.0.49",
      "resolved": "https://registry.npmjs.org/node-webcrypto-ossl/-/node-webcrypto-ossl-1.0.49.tgz",
      "integrity": "sha512-Zs73PeTWoUXUFicvAaxZC6ZyVCuq1Eg/Q4rYqiWyBY4eWIbZPFiRIi/KRM0A9GVKBPRNraaXsVmRAC83jEQ6nw==",
      "deprecated": "node-webcrypto-ossl has been deprecated. This module was created in 2015 because at the time the Node team did not feel the need to have two crypto interfaces and they already had one before WebCrypto was defined",
      "hasInstallScript": true,
      "license": "MIT",
      "optional": true,
      "dependencies": {
        "mkdirp": "^0.5.5",
        "nan": "^2.14.0",
        "tslib": "^1.11.1",
        "webcrypto-core": "^0.1.27"
      }
    },
    "node_modules/text-encoding": {
      "version": "0.7.0",
      "resolved": "https://registry.npmjs.org/text-encoding/-/text-encoding-0.7.0.tgz",
      "integrity": "sha512-oJQ3f1hrOnbRLOcwKz0Liq2IcrvDeZRHXhd9RgLrsT+DjWY/nty1Hi7v3dtkaEYbPYe0mUoOfzRrMwfXXwgPUA==",
      "deprecated": "no longer maintained",
      "license": "(Unlicense OR Apache-2.0)",
      "optional": true
    },
    "node_modules/tslib": {
      "version": "1.14.1",
      "resolved": "https://registry.npmjs.org/tslib/-/tslib-1.14.1.tgz",
      "integrity": "sha512-Xni35NKzjgMrwevysHTCArtLDpPvye8zV/0E4EyYn43P7/7qvQwPh9BGkHewbMulVntbigmcT7rdX3BNo9wRJg==",
      "license": "0BSD",
      "optional": true
    },
    "node_modules/webcrypto-core": {
      "version": "0.1.27",
      "resolved": "https://registry.npmjs.org/webcrypto-core/-/webcrypto-core-0.1.27.tgz",
      "integrity": "sha512-r0MSFxvqaIjoqIKerm80P9+7n1dWBG88PYnshJk57J4uZuXlqNX8yQixrEIe3CGqrJ7xwfGM2SQGR4AlJYr02g==",
      "license": "MIT",
      "optional": true,
      "dependencies": {
        "tslib": "^1.7.1"
      }
    },
    "node_modules/ws": {
      "version": "5.2.4",
      "resolved": "https://registry.npmjs.org/ws/-/ws-5.2.4.tgz",
      "integrity": "sha512-fFCejsuC8f9kOSu9FYaOw8CdO68O3h5v0lg4p74o8JqWpwTf9tniOD+nOB78aWoVSS6WptVUmDrp/KPsMVBWFQ==",
      "license": "MIT",
      "dependencies": {
        "async-limiter": "~1.0.0"
      }
    }
  }
}
